
Microsoft Visual Studio Solution File, Format Version 12.00
# Visual Studio 15
VisualStudioVersion = 15.0.26403.0
MinimumVisualStudioVersion = 10.0.40219.1
Project("{FAE04EC0-301F-11D3-BF4B-00C04F79EFBC}") = "MainDll", "MainDll\MainDll.csproj", "{F462680A-13E6-474E-B47C-9E5F4DB83B45}"
EndProject
Project("{FAE04EC0-301F-11D3-BF4B-00C04F79EFBC}") = "XMLFormatter", "..\XMLFormatter\XMLFormatter.csproj", "{94DB3890-4429-4EDF-B376-C9A5083C8CEE}"
EndProject
Project("{FAE04EC0-301F-11D3-BF4B-00C04F79EFBC}") = "Adapter", "..\Adapter\Adapter.csproj", "{11FC7BEE-7E56-446A-BF8E-CB874C597C06}"
EndProject
Global
	GlobalSection(SolutionConfigurationPlatforms) = preSolution
		Debug|Any CPU = Debug|Any CPU
		Release|Any CPU = Release|Any CPU
	EndGlobalSection
	GlobalSection(ProjectConfigurationPlatforms) = postSolution
		{F462680A-13E6-474E-B47C-9E5F4DB83B45}.Debug|Any CPU.ActiveCfg = Debug|Any CPU
		{F462680A-13E6-474E-B47C-9E5F4DB83B45}.Debug|Any CPU.Build.0 = Debug|Any CPU
		{F462680A-13E6-474E-B47C-9E5F4DB83B45}.Release|Any CPU.ActiveCfg = Release|Any CPU
		{F462680A-13E6-474E-B47C-9E5F4DB83B45}.Release|Any CPU.Build.0 = Release|Any CPU
		{94DB3890-4429-4EDF-B376-C9A5083C8CEE}.Debug|Any CPU.ActiveCfg = Debug|Any CPU
		{94DB3890-4429-4EDF-B376-C9A5083C8CEE}.Debug|Any CPU.Build.0 = Debug|Any CPU
		{94DB3890-4429-4EDF-B376-C9A5083C8CEE}.Release|Any CPU.ActiveCfg = Release|Any CPU
		{94DB3890-4429-4EDF-B376-C9A5083C8CEE}.Release|Any CPU.Build.0 = Release|Any CPU
		{11FC7BEE-7E56-446A-BF8E-CB874C597C06}.Debug|Any CPU.ActiveCfg = Debug|Any CPU
		{11FC7BEE-7E56-446A-BF8E-CB874C597C06}.Debug|Any CPU.Build.0 = Debug|Any CPU
		{11FC7BEE-7E56-446A-BF8E-CB874C597C06}.Release|Any CPU.ActiveCfg = Release|Any CPU
		{11FC7BEE-7E56-446A-BF8E-CB874C597C06}.Release|Any CPU.Build.0 = Release|Any CPU
	EndGlobalSection
	GlobalSection(SolutionProperties) = preSolution
		HideSolutionNode = FALSE
	EndGlobalSection
EndGlobal
